// !$*UTF8*$!
{
	archiveVersion = 1;
	classes = {
	};
	objectVersion = 46;
	objects = {

/* Begin PBXBuildFile section */
		37405C2A1861E75B0052213A /* Foundation.framework in Frameworks */ = {isa = PBXBuildFile; fileRef = 37405C291861E75B0052213A /* Foundation.framework */; };
		37405C4E1861E7A60052213A /* UIKit.framework in Frameworks */ = {isa = PBXBuildFile; fileRef = 37405C4D1861E7A60052213A /* UIKit.framework */; };
		37405C601861EBA60052213A /* LHSFontSelectionViewController.m in Sources */ = {isa = PBXBuildFile; fileRef = 37405C5F1861EBA60052213A /* LHSFontSelectionViewController.m */; };
/* End PBXBuildFile section */

/* Begin PBXCopyFilesBuildPhase section */
		37405C241861E75B0052213A /* CopyFiles */ = {
			isa = PBXCopyFilesBuildPhase;
			buildActionMask = 2147483647;
			dstPath = "include/$(PRODUCT_NAME)";
			dstSubfolderSpec = 16;
			files = (
			);
			runOnlyForDeploymentPostprocessing = 0;
		};
/* End PBXCopyFilesBuildPhase section */

/* Begin PBXFileReference section */
		37405C261861E75B0052213A /* libLHSFontSelectionViewController.a */ = {isa = PBXFileReference; explicitFileType = archive.ar; includeInIndex = 0; path = libLHSFontSelectionViewController.a; sourceTree = BUILT_PRODUCTS_DIR; };
		37405C291861E75B0052213A /* Foundation.framework */ = {isa = PBXFileReference; lastKnownFileType = wrapper.framework; name = Foundation.framework; path = System/Library/Frameworks/Foundation.framework; sourceTree = SDKROOT; };
		37405C2D1861E75B0052213A /* LHSFontSelectionViewController-Prefix.pch */ = {isa = PBXFileReference; lastKnownFileType = sourcecode.c.h; path = "LHSFontSelectionViewController-Prefix.pch"; sourceTree = "<group>"; };
		37405C4D1861E7A60052213A /* UIKit.framework */ = {isa = PBXFileReference; lastKnownFileType = wrapper.framework; name = UIKit.framework; path = Platforms/iPhoneOS.platform/Developer/SDKs/iPhoneOS7.1.sdk/System/Library/Frameworks/UIKit.framework; sourceTree = DEVELOPER_DIR; };
		37405C5E1861EBA60052213A /* LHSFontSelectionViewController.h */ = {isa = PBXFileReference; fileEncoding = 4; lastKnownFileType = sourcecode.c.h; name = LHSFontSelectionViewController.h; path = Classes/LHSFontSelectionViewController.h; sourceTree = SOURCE_ROOT; };
		37405C5F1861EBA60052213A /* LHSFontSelectionViewController.m */ = {isa = PBXFileReference; fileEncoding = 4; lastKnownFileType = sourcecode.c.objc; name = LHSFontSelectionViewController.m; path = Classes/LHSFontSelectionViewController.m; sourceTree = SOURCE_ROOT; };
		37405C641861EBD90052213A /* LHSFontSelecting.h */ = {isa = PBXFileReference; fileEncoding = 4; lastKnownFileType = sourcecode.c.h; name = LHSFontSelecting.h; path = Protocols/LHSFontSelecting.h; sourceTree = SOURCE_ROOT; };
/* End PBXFileReference section */

/* Begin PBXFrameworksBuildPhase section */
		37405C231861E75B0052213A /* Frameworks */ = {
			isa = PBXFrameworksBuildPhase;
			buildActionMask = 2147483647;
			files = (
				37405C4E1861E7A60052213A /* UIKit.framework in Frameworks */,
				37405C2A1861E75B0052213A /* Foundation.framework in Frameworks */,
			);
			runOnlyForDeploymentPostprocessing = 0;
		};
/* End PBXFrameworksBuildPhase section */

/* Begin PBXGroup section */
		37405C191861E6410052213A = {
			isa = PBXGroup;
			children = (
				37405C2B1861E75B0052213A /* LHSFontSelectionViewController */,
				37405C281861E75B0052213A /* Frameworks */,
				37405C271861E75B0052213A /* Products */,
			);
			sourceTree = "<group>";
		};
		37405C271861E75B0052213A /* Products */ = {
			isa = PBXGroup;
			children = (
				37405C261861E75B0052213A /* libLHSFontSelectionViewController.a */,
			);
			name = Products;
			sourceTree = "<group>";
		};
		37405C281861E75B0052213A /* Frameworks */ = {
			isa = PBXGroup;
			children = (
				37405C4D1861E7A60052213A /* UIKit.framework */,
				37405C291861E75B0052213A /* Foundation.framework */,
			);
			name = Frameworks;
			sourceTree = "<group>";
		};
		37405C2B1861E75B0052213A /* LHSFontSelectionViewController */ = {
			isa = PBXGroup;
			children = (
				37405C641861EBD90052213A /* LHSFontSelecting.h */,
				37405C5E1861EBA60052213A /* LHSFontSelectionViewController.h */,
				37405C5F1861EBA60052213A /* LHSFontSelectionViewController.m */,
				37405C2C1861E75B0052213A /* Supporting Files */,
			);
			path = LHSFontSelectionViewController;
			sourceTree = "<group>";
		};
		37405C2C1861E75B0052213A /* Supporting Files */ = {
			isa = PBXGroup;
			children = (
				37405C2D1861E75B0052213A /* LHSFontSelectionViewController-Prefix.pch */,
			);
			name = "Supporting Files";
			sourceTree = "<group>";
		};
/* End PBXGroup section */

/* Begin PBXNativeTarget section */
		37405C251861E75B0052213A /* LHSFontSelectionViewController */ = {
			isa = PBXNativeTarget;
			buildConfigurationList = 37405C471861E75B0052213A /* Build configuration list for PBXNativeTarget "LHSFontSelectionViewController" */;
			buildPhases = (
				37405C221861E75B0052213A /* Sources */,
				37405C231861E75B0052213A /* Frameworks */,
				37405C241861E75B0052213A /* CopyFiles */,
			);
			buildRules = (
			);
			dependencies = (
			);
			name = LHSFontSelectionViewController;
			productName = LHFontSelectionViewController;
			productReference = 37405C261861E75B0052213A /* libLHSFontSelectionViewController.a */;
			productType = "com.apple.product-type.library.static";
		};
/* End PBXNativeTarget section */

/* Begin PBXProject section */
		37405C1A1861E6410052213A /* Project object */ = {
			isa = PBXProject;
			attributes = {
				LastUpgradeCheck = 0510;
			};
			buildConfigurationList = 37405C1D1861E6410052213A /* Build configuration list for PBXProject "LHSFontSelectionViewController" */;
			compatibilityVersion = "Xcode 3.2";
			developmentRegion = English;
			hasScannedForEncodings = 0;
			knownRegions = (
				en,
			);
			mainGroup = 37405C191861E6410052213A;
			productRefGroup = 37405C271861E75B0052213A /* Products */;
			projectDirPath = "";
			projectRoot = "";
			targets = (
				37405C251861E75B0052213A /* LHSFontSelectionViewController */,
			);
		};
/* End PBXProject section */

/* Begin PBXSourcesBuildPhase section */
		37405C221861E75B0052213A /* Sources */ = {
			isa = PBXSourcesBuildPhase;
			buildActionMask = 2147483647;
			files = (
				37405C601861EBA60052213A /* LHSFontSelectionViewController.m in Sources */,
			);
			runOnlyForDeploymentPostprocessing = 0;
		};
/* End PBXSourcesBuildPhase section */

/* Begin XCBuildConfiguration section */
		37405C1E1861E6410052213A /* Debug */ = {
			isa = XCBuildConfiguration;
			buildSettings = {
				IPHONEOS_DEPLOYMENT_TARGET = 7.1;
			};
			name = Debug;
		};
		37405C1F1861E6410052213A /* Release */ = {
			isa = XCBuildConfiguration;
			buildSettings = {
				IPHONEOS_DEPLOYMENT_TARGET = 7.1;
			};
			name = Release;
		};
		37405C481861E75B0052213A /* Debug */ = {
			isa = XCBuildConfiguration;
			buildSettings = {
				ALWAYS_SEARCH_USER_PATHS = NO;
				ARCHS = "$(ARCHS_STANDARD_INCLUDING_64_BIT)";
				CLANG_CXX_LANGUAGE_STANDARD = "gnu++0x";
				CLANG_CXX_LIBRARY = "libc++";
				CLANG_ENABLE_MODULES = YES;
				CLANG_ENABLE_OBJC_ARC = YES;
				CLANG_WARN_BOOL_CONVERSION = YES;
				CLANG_WARN_CONSTANT_CONVERSION = YES;
				CLANG_WARN_DIRECT_OBJC_ISA_USAGE = YES_ERROR;
				CLANG_WARN_EMPTY_BODY = YES;
				CLANG_WARN_ENUM_CONVERSION = YES;
				CLANG_WARN_INT_CONVERSION = YES;
				CLANG_WARN_OBJC_ROOT_CLASS = YES_ERROR;
				CLANG_WARN__DUPLICATE_METHOD_MATCH = YES;
				COPY_PHASE_STRIP = NO;
				DSTROOT = /tmp/LHFontSelectionViewController.dst;
				GCC_C_LANGUAGE_STANDARD = gnu99;
				GCC_DYNAMIC_NO_PIC = NO;
				GCC_OPTIMIZATION_LEVEL = 0;
				GCC_PRECOMPILE_PREFIX_HEADER = YES;
				GCC_PREFIX_HEADER = "LHFontSelectionViewController/LHSFontSelectionViewController-Prefix.pch";
				GCC_PREPROCESSOR_DEFINITIONS = (
					"DEBUG=1",
					"$(inherited)",
				);
				GCC_SYMBOLS_PRIVATE_EXTERN = NO;
				GCC_WARN_64_TO_32_BIT_CONVERSION = YES;
				GCC_WARN_ABOUT_RETURN_TYPE = YES_ERROR;
				GCC_WARN_UNDECLARED_SELECTOR = YES;
				GCC_WARN_UNINITIALIZED_AUTOS = YES_AGGRESSIVE;
				GCC_WARN_UNUSED_FUNCTION = YES;
				GCC_WARN_UNUSED_VARIABLE = YES;
				IPHONEOS_DEPLOYMENT_TARGET = 7.1;
				ONLY_ACTIVE_ARCH = YES;
				OTHER_LDFLAGS = "-ObjC";
				PRODUCT_NAME = LHSFontSelectionViewController;
				SDKROOT = iphoneos;
				SKIP_INSTALL = YES;
			};
			name = Debug;
		};
		37405C491861E75B0052213A /* Release */ = {
			isa = XCBuildConfiguration;
			buildSettings = {
				ALWAYS_SEARCH_USER_PATHS = NO;
				ARCHS = "$(ARCHS_STANDARD_INCLUDING_64_BIT)";
				CLANG_CXX_LANGUAGE_STANDARD = "gnu++0x";
				CLANG_CXX_LIBRARY = "libc++";
				CLANG_ENABLE_MODULES = YES;
				CLANG_ENABLE_OBJC_ARC = YES;
				CLANG_WARN_BOOL_CONVERSION = YES;
				CLANG_WARN_CONSTANT_CONVERSION = YES;
				CLANG_WARN_DIRECT_OBJC_ISA_USAGE = YES_ERROR;
				CLANG_WARN_EMPTY_BODY = YES;
				CLANG_WARN_ENUM_CONVERSION = YES;
				CLANG_WARN_INT_CONVERSION = YES;
				CLANG_WARN_OBJC_ROOT_CLASS = YES_ERROR;
				CLANG_WARN__DUPLICATE_METHOD_MATCH = YES;
				COPY_PHASE_STRIP = YES;
				DSTROOT = /tmp/LHFontSelectionViewController.dst;
				ENABLE_NS_ASSERTIONS = NO;
				GCC_C_LANGUAGE_STANDARD = gnu99;
				GCC_PRECOMPILE_PREFIX_HEADER = YES;
				GCC_PREFIX_HEADER = "LHFontSelectionViewController/LHSFontSelectionViewController-Prefix.pch";
				GCC_WARN_64_TO_32_BIT_CONVERSION = YES;
				GCC_WARN_ABOUT_RETURN_TYPE = YES_ERROR;
				GCC_WARN_UNDECLARED_SELECTOR = YES;
				GCC_WARN_UNINITIALIZED_AUTOS = YES_AGGRESSIVE;
				GCC_WARN_UNUSED_FUNCTION = YES;
				GCC_WARN_UNUSED_VARIABLE = YES;
				IPHONEOS_DEPLOYMENT_TARGET = 7.1;
				OTHER_LDFLAGS = "-ObjC";
				PRODUCT_NAME = LHSFontSelectionViewController;
				SDKROOT = iphoneos;
				SKIP_INSTALL = YES;
				VALIDATE_PRODUCT = YES;
			};
			name = Release;
		};
/* End XCBuildConfiguration section */

/* Begin XCConfigurationList section */
		37405C1D1861E6410052213A /* Build configuration list for PBXProject "LHSFontSelectionViewController" */ = {
			isa = XCConfigurationList;
			buildConfigurations = (
				37405C1E1861E6410052213A /* Debug */,
				37405C1F1861E6410052213A /* Release */,
			);
			defaultConfigurationIsVisible = 0;
			defaultConfigurationName = Release;
		};
		37405C471861E75B0052213A /* Build configuration list for PBXNativeTarget "LHSFontSelectionViewController" */ = {
			isa = XCConfigurationList;
			buildConfigurations = (
				37405C481861E75B0052213A /* Debug */,
				37405C491861E75B0052213A /* Release */,
			);
			defaultConfigurationIsVisible = 0;
			defaultConfigurationName = Release;
		};
/* End XCConfigurationList section */
	};
	rootObject = 37405C1A1861E6410052213A /* Project object */;
}
